
Microsoft Visual Studio Solution File, Format Version 12.00
# Visual Studio Version 17
VisualStudioVersion = 17.4.33122.133
MinimumVisualStudioVersion = 10.0.40219.1
Project("{FAE04EC0-301F-11D3-BF4B-00C04F79EFBC}") = "BossManager", "BossManager\BossManager.csproj", "{482BB455-FA25-468C-9883-AC90CC52E08F}"
EndProject
Global
	GlobalSection(SolutionConfigurationPlatforms) = preSolution
		Debug|Any CPU = Debug|Any CPU
		Release|Any CPU = Release|Any CPU
	EndGlobalSection
	GlobalSection(ProjectConfigurationPlatforms) = postSolution
		{482BB455-FA25-468C-9883-AC90CC52E08F}.Debug|Any CPU.ActiveCfg = Debug|Any CPU
		{482BB455-FA25-468C-9883-AC90CC52E08F}.Debug|Any CPU.Build.0 = Debug|Any CPU
		{482BB455-FA25-468C-9883-AC90CC52E08F}.Release|Any CPU.ActiveCfg = Release|Any CPU
		{482BB455-FA25-468C-9883-AC90CC52E08F}.Release|Any CPU.Build.0 = Release|Any CPU
	EndGlobalSection
	GlobalSection(SolutionProperties) = preSolution
		HideSolutionNode = FALSE
	EndGlobalSection
	GlobalSection(ExtensibilityGlobals) = postSolution
		SolutionGuid = {8EF58355-FB22-4FC4-9B42-60ECD6A0F788}
	EndGlobalSection
EndGlobal
