Microsoft Visual Studio Solution File, Format Version 12.00
# Visual Studio Version 16
VisualStudioVersion = 16.0.31424.327
MinimumVisualStudioVersion = 10.0.40219.1
Project("{FAE04EC0-301F-11D3-BF4B-00C04F79EFBC}") = "BossManager", "BossManager\BossManager.csproj", "{9A51AE2B-99E8-408B-8A70-0E7C6C67F202}"
EndProject
Global
	GlobalSection(SolutionConfigurationPlatforms) = preSolution
		Debug|Any CPU = Debug|Any CPU
		Debug|anycpu = Debug|anycpu
		Release|Any CPU = Release|Any CPU
		Release|anycpu = Release|anycpu
	EndGlobalSection
	GlobalSection(ProjectConfigurationPlatforms) = postSolution
		{9A51AE2B-99E8-408B-8A70-0E7C6C67F202}.Debug|Any CPU.ActiveCfg = Debug|Any CPU
		{9A51AE2B-99E8-408B-8A70-0E7C6C67F202}.Debug|Any CPU.Build.0 = Debug|Any CPU
		{9A51AE2B-99E8-408B-8A70-0E7C6C67F202}.Debug|anycpu.ActiveCfg = Debug|Any CPU
		{9A51AE2B-99E8-408B-8A70-0E7C6C67F202}.Debug|anycpu.Build.0 = Debug|Any CPU
		{9A51AE2B-99E8-408B-8A70-0E7C6C67F202}.Release|Any CPU.ActiveCfg = Release|Any CPU
		{9A51AE2B-99E8-408B-8A70-0E7C6C67F202}.Release|Any CPU.Build.0 = Release|Any CPU
		{9A51AE2B-99E8-408B-8A70-0E7C6C67F202}.Release|anycpu.ActiveCfg = Release|anycpu
		{9A51AE2B-99E8-408B-8A70-0E7C6C67F202}.Release|anycpu.Build.0 = Release|anycpu
	EndGlobalSection
	GlobalSection(SolutionProperties) = preSolution
		HideSolutionNode = FALSE
	EndGlobalSection
	GlobalSection(ExtensibilityGlobals) = postSolution
		SolutionGuid = {50CB19B4-ACD5-4E5D-A6FD-FFD72ED1179E}
	EndGlobalSection
EndGlobal
